
Microsoft Visual Studio Solution File, Format Version 12.00
# Visual Studio Version 16
VisualStudioVersion = 16.0.29609.76
MinimumVisualStudioVersion = 10.0.40219.1
Project("{9A19103F-16F7-4668-BE54-9A1E7A4F7556}") = "IndoriZaika", "src\IndoriZaika\IndoriZaika.csproj", "{BDA8D5A8-C715-4B75-83DE-E02443F03513}"
EndProject
Project("{9A19103F-16F7-4668-BE54-9A1E7A4F7556}") = "IndoriZaika.Core", "src\IndoriZaika.Core\IndoriZaika.Core.csproj", "{1A4F0928-B0F4-48D8-9F03-71645598C94F}"
EndProject
Project("{9A19103F-16F7-4668-BE54-9A1E7A4F7556}") = "IndoriZaika.Data", "src\IndoriZaika.Data\IndoriZaika.Data.csproj", "{090A0653-ED9C-4BF8-9BEB-738F110FB284}"
EndProject
Project("{9A19103F-16F7-4668-BE54-9A1E7A4F7556}") = "IndoriZaika.Utilities", "src\IndoriZaika.Utilites\IndoriZaika.Utilities.csproj", "{81353227-FB95-4B99-9B38-392DD72DEBFD}"
EndProject
Global
	GlobalSection(SolutionConfigurationPlatforms) = preSolution
		Debug|Any CPU = Debug|Any CPU
		Release|Any CPU = Release|Any CPU
	EndGlobalSection
	GlobalSection(ProjectConfigurationPlatforms) = postSolution
		{BDA8D5A8-C715-4B75-83DE-E02443F03513}.Debug|Any CPU.ActiveCfg = Debug|Any CPU
		{BDA8D5A8-C715-4B75-83DE-E02443F03513}.Debug|Any CPU.Build.0 = Debug|Any CPU
		{BDA8D5A8-C715-4B75-83DE-E02443F03513}.Release|Any CPU.ActiveCfg = Release|Any CPU
		{BDA8D5A8-C715-4B75-83DE-E02443F03513}.Release|Any CPU.Build.0 = Release|Any CPU
		{1A4F0928-B0F4-48D8-9F03-71645598C94F}.Debug|Any CPU.ActiveCfg = Debug|Any CPU
		{1A4F0928-B0F4-48D8-9F03-71645598C94F}.Debug|Any CPU.Build.0 = Debug|Any CPU
		{1A4F0928-B0F4-48D8-9F03-71645598C94F}.Release|Any CPU.ActiveCfg = Release|Any CPU
		{1A4F0928-B0F4-48D8-9F03-71645598C94F}.Release|Any CPU.Build.0 = Release|Any CPU
		{090A0653-ED9C-4BF8-9BEB-738F110FB284}.Debug|Any CPU.ActiveCfg = Debug|Any CPU
		{090A0653-ED9C-4BF8-9BEB-738F110FB284}.Debug|Any CPU.Build.0 = Debug|Any CPU
		{090A0653-ED9C-4BF8-9BEB-738F110FB284}.Release|Any CPU.ActiveCfg = Release|Any CPU
		{090A0653-ED9C-4BF8-9BEB-738F110FB284}.Release|Any CPU.Build.0 = Release|Any CPU
		{81353227-FB95-4B99-9B38-392DD72DEBFD}.Debug|Any CPU.ActiveCfg = Debug|Any CPU
		{81353227-FB95-4B99-9B38-392DD72DEBFD}.Debug|Any CPU.Build.0 = Debug|Any CPU
		{81353227-FB95-4B99-9B38-392DD72DEBFD}.Release|Any CPU.ActiveCfg = Release|Any CPU
		{81353227-FB95-4B99-9B38-392DD72DEBFD}.Release|Any CPU.Build.0 = Release|Any CPU
	EndGlobalSection
	GlobalSection(SolutionProperties) = preSolution
		HideSolutionNode = FALSE
	EndGlobalSection
	GlobalSection(ExtensibilityGlobals) = postSolution
		SolutionGuid = {BCE73E7B-E5A1-4AA3-9E5B-B7475DE9197B}
	EndGlobalSection
EndGlobal
